// !$*UTF8*$!
{
	archiveVersion = 1;
	classes = {
	};
	objectVersion = 46;
	objects = {

/* Begin PBXBuildFile section */
		ED53498E19F71744001A4DEA /* FoodTabViewController.m in Sources */ = {isa = PBXBuildFile; fileRef = ED53498D19F71744001A4DEA /* FoodTabViewController.m */; };
		ED61639C19FEC1DB00A3CEE7 /* WebTabViewController.m in Sources */ = {isa = PBXBuildFile; fileRef = ED61639B19FEC1DB00A3CEE7 /* WebTabViewController.m */; };
		ED6163D119FEE26600A3CEE7 /* SegmentTabViewController.m in Sources */ = {isa = PBXBuildFile; fileRef = ED6163D019FEE26600A3CEE7 /* SegmentTabViewController.m */; };
		EDD35DD619F5D40C008DC1B2 /* fooddictionary.plist in Resources */ = {isa = PBXBuildFile; fileRef = EDD35DD519F5D40C008DC1B2 /* fooddictionary.plist */; };
		EDF9138E19F5A6DC0075993B /* main.m in Sources */ = {isa = PBXBuildFile; fileRef = EDF9138D19F5A6DC0075993B /* main.m */; };
		EDF9139119F5A6DC0075993B /* AppDelegate.m in Sources */ = {isa = PBXBuildFile; fileRef = EDF9139019F5A6DC0075993B /* AppDelegate.m */; };
		EDF9139C19F5A6DC0075993B /* LaunchScreen.xib in Resources */ = {isa = PBXBuildFile; fileRef = EDF9139A19F5A6DC0075993B /* LaunchScreen.xib */; };
		EDF913A819F5A6DC0075993B /* SamplerAppTests.m in Sources */ = {isa = PBXBuildFile; fileRef = EDF913A719F5A6DC0075993B /* SamplerAppTests.m */; };
		EDF913B519F5A9500075993B /* Main.storyboard in Resources */ = {isa = PBXBuildFile; fileRef = EDF913B419F5A9500075993B /* Main.storyboard */; };
		EDF913B619F5A9500075993B /* Main.storyboard in Resources */ = {isa = PBXBuildFile; fileRef = EDF913B419F5A9500075993B /* Main.storyboard */; };
/* End PBXBuildFile section */

/* Begin PBXContainerItemProxy section */
		EDF913A219F5A6DC0075993B /* PBXContainerItemProxy */ = {
			isa = PBXContainerItemProxy;
			containerPortal = EDF9138019F5A6DC0075993B /* Project object */;
			proxyType = 1;
			remoteGlobalIDString = EDF9138719F5A6DC0075993B;
			remoteInfo = SamplerApp;
		};
/* End PBXContainerItemProxy section */

/* Begin PBXFileReference section */
		ED53498C19F71744001A4DEA /* FoodTabViewController.h */ = {isa = PBXFileReference; fileEncoding = 4; lastKnownFileType = sourcecode.c.h; path = FoodTabViewController.h; sourceTree = "<group>"; };
		ED53498D19F71744001A4DEA /* FoodTabViewController.m */ = {isa = PBXFileReference; fileEncoding = 4; lastKnownFileType = sourcecode.c.objc; path = FoodTabViewController.m; sourceTree = "<group>"; };
		ED61639A19FEC1DB00A3CEE7 /* WebTabViewController.h */ = {isa = PBXFileReference; fileEncoding = 4; lastKnownFileType = sourcecode.c.h; path = WebTabViewController.h; sourceTree = "<group>"; };
		ED61639B19FEC1DB00A3CEE7 /* WebTabViewController.m */ = {isa = PBXFileReference; fileEncoding = 4; lastKnownFileType = sourcecode.c.objc; path = WebTabViewController.m; sourceTree = "<group>"; };
		ED6163CF19FEE26600A3CEE7 /* SegmentTabViewController.h */ = {isa = PBXFileReference; fileEncoding = 4; lastKnownFileType = sourcecode.c.h; path = SegmentTabViewController.h; sourceTree = "<group>"; };
		ED6163D019FEE26600A3CEE7 /* SegmentTabViewController.m */ = {isa = PBXFileReference; fileEncoding = 4; lastKnownFileType = sourcecode.c.objc; path = SegmentTabViewController.m; sourceTree = "<group>"; };
		EDD35DD519F5D40C008DC1B2 /* fooddictionary.plist */ = {isa = PBXFileReference; fileEncoding = 4; lastKnownFileType = text.plist.xml; path = fooddictionary.plist; sourceTree = "<group>"; };
		EDF9138819F5A6DC0075993B /* SamplerApp.app */ = {isa = PBXFileReference; explicitFileType = wrapper.application; includeInIndex = 0; path = SamplerApp.app; sourceTree = BUILT_PRODUCTS_DIR; };
		EDF9138C19F5A6DC0075993B /* Info.plist */ = {isa = PBXFileReference; lastKnownFileType = text.plist.xml; path = Info.plist; sourceTree = "<group>"; };
		EDF9138D19F5A6DC0075993B /* main.m */ = {isa = PBXFileReference; lastKnownFileType = sourcecode.c.objc; path = main.m; sourceTree = "<group>"; };
		EDF9138F19F5A6DC0075993B /* AppDelegate.h */ = {isa = PBXFileReference; lastKnownFileType = sourcecode.c.h; path = AppDelegate.h; sourceTree = "<group>"; };
		EDF9139019F5A6DC0075993B /* AppDelegate.m */ = {isa = PBXFileReference; lastKnownFileType = sourcecode.c.objc; path = AppDelegate.m; sourceTree = "<group>"; };
		EDF9139B19F5A6DC0075993B /* Base */ = {isa = PBXFileReference; lastKnownFileType = file.xib; name = Base; path = Base.lproj/LaunchScreen.xib; sourceTree = "<group>"; };
		EDF913A119F5A6DC0075993B /* SamplerAppTests.xctest */ = {isa = PBXFileReference; explicitFileType = wrapper.cfbundle; includeInIndex = 0; path = SamplerAppTests.xctest; sourceTree = BUILT_PRODUCTS_DIR; };
		EDF913A619F5A6DC0075993B /* Info.plist */ = {isa = PBXFileReference; lastKnownFileType = text.plist.xml; path = Info.plist; sourceTree = "<group>"; };
		EDF913A719F5A6DC0075993B /* SamplerAppTests.m */ = {isa = PBXFileReference; lastKnownFileType = sourcecode.c.objc; path = SamplerAppTests.m; sourceTree = "<group>"; };
		EDF913B419F5A9500075993B /* Main.storyboard */ = {isa = PBXFileReference; fileEncoding = 4; lastKnownFileType = file.storyboard; path = Main.storyboard; sourceTree = "<group>"; };
/* End PBXFileReference section */

/* Begin PBXFrameworksBuildPhase section */
		EDF9138519F5A6DC0075993B /* Frameworks */ = {
			isa = PBXFrameworksBuildPhase;
			buildActionMask = 2147483647;
			files = (
			);
			runOnlyForDeploymentPostprocessing = 0;
		};
		EDF9139E19F5A6DC0075993B /* Frameworks */ = {
			isa = PBXFrameworksBuildPhase;
			buildActionMask = 2147483647;
			files = (
			);
			runOnlyForDeploymentPostprocessing = 0;
		};
/* End PBXFrameworksBuildPhase section */

/* Begin PBXGroup section */
		EDF9137F19F5A6DC0075993B = {
			isa = PBXGroup;
			children = (
				EDF9138A19F5A6DC0075993B /* SamplerApp */,
				EDF913A419F5A6DC0075993B /* SamplerAppTests */,
				EDF9138919F5A6DC0075993B /* Products */,
			);
			sourceTree = "<group>";
		};
		EDF9138919F5A6DC0075993B /* Products */ = {
			isa = PBXGroup;
			children = (
				EDF9138819F5A6DC0075993B /* SamplerApp.app */,
				EDF913A119F5A6DC0075993B /* SamplerAppTests.xctest */,
			);
			name = Products;
			sourceTree = "<group>";
		};
		EDF9138A19F5A6DC0075993B /* SamplerApp */ = {
			isa = PBXGroup;
			children = (
				EDF9138F19F5A6DC0075993B /* AppDelegate.h */,
				EDF9139019F5A6DC0075993B /* AppDelegate.m */,
				EDF9139A19F5A6DC0075993B /* LaunchScreen.xib */,
				EDF9138B19F5A6DC0075993B /* Supporting Files */,
				EDF913B419F5A9500075993B /* Main.storyboard */,
				EDD35DD519F5D40C008DC1B2 /* fooddictionary.plist */,
				ED53498C19F71744001A4DEA /* FoodTabViewController.h */,
				ED53498D19F71744001A4DEA /* FoodTabViewController.m */,
				ED61639A19FEC1DB00A3CEE7 /* WebTabViewController.h */,
				ED61639B19FEC1DB00A3CEE7 /* WebTabViewController.m */,
				ED6163CF19FEE26600A3CEE7 /* SegmentTabViewController.h */,
				ED6163D019FEE26600A3CEE7 /* SegmentTabViewController.m */,
			);
			path = SamplerApp;
			sourceTree = "<group>";
		};
		EDF9138B19F5A6DC0075993B /* Supporting Files */ = {
			isa = PBXGroup;
			children = (
				EDF9138C19F5A6DC0075993B /* Info.plist */,
				EDF9138D19F5A6DC0075993B /* main.m */,
			);
			name = "Supporting Files";
			sourceTree = "<group>";
		};
		EDF913A419F5A6DC0075993B /* SamplerAppTests */ = {
			isa = PBXGroup;
			children = (
				EDF913A719F5A6DC0075993B /* SamplerAppTests.m */,
				EDF913A519F5A6DC0075993B /* Supporting Files */,
			);
			path = SamplerAppTests;
			sourceTree = "<group>";
		};
		EDF913A519F5A6DC0075993B /* Supporting Files */ = {
			isa = PBXGroup;
			children = (
				EDF913A619F5A6DC0075993B /* Info.plist */,
			);
			name = "Supporting Files";
			sourceTree = "<group>";
		};
/* End PBXGroup section */

/* Begin PBXNativeTarget section */
		EDF9138719F5A6DC0075993B /* SamplerApp */ = {
			isa = PBXNativeTarget;
			buildConfigurationList = EDF913AB19F5A6DC0075993B /* Build configuration list for PBXNativeTarget "SamplerApp" */;
			buildPhases = (
				EDF9138419F5A6DC0075993B /* Sources */,
				EDF9138519F5A6DC0075993B /* Frameworks */,
				EDF9138619F5A6DC0075993B /* Resources */,
			);
			buildRules = (
			);
			dependencies = (
			);
			name = SamplerApp;
			productName = SamplerApp;
			productReference = EDF9138819F5A6DC0075993B /* SamplerApp.app */;
			productType = "com.apple.product-type.application";
		};
		EDF913A019F5A6DC0075993B /* SamplerAppTests */ = {
			isa = PBXNativeTarget;
			buildConfigurationList = EDF913AE19F5A6DC0075993B /* Build configuration list for PBXNativeTarget "SamplerAppTests" */;
			buildPhases = (
				EDF9139D19F5A6DC0075993B /* Sources */,
				EDF9139E19F5A6DC0075993B /* Frameworks */,
				EDF9139F19F5A6DC0075993B /* Resources */,
			);
			buildRules = (
			);
			dependencies = (
				EDF913A319F5A6DC0075993B /* PBXTargetDependency */,
			);
			name = SamplerAppTests;
			productName = SamplerAppTests;
			productReference = EDF913A119F5A6DC0075993B /* SamplerAppTests.xctest */;
			productType = "com.apple.product-type.bundle.unit-test";
		};
/* End PBXNativeTarget section */

/* Begin PBXProject section */
		EDF9138019F5A6DC0075993B /* Project object */ = {
			isa = PBXProject;
			attributes = {
				LastUpgradeCheck = 0600;
				ORGANIZATIONNAME = "Giang Pham";
				TargetAttributes = {
					EDF9138719F5A6DC0075993B = {
						CreatedOnToolsVersion = 6.0.1;
					};
					EDF913A019F5A6DC0075993B = {
						CreatedOnToolsVersion = 6.0.1;
						TestTargetID = EDF9138719F5A6DC0075993B;
					};
				};
			};
			buildConfigurationList = EDF9138319F5A6DC0075993B /* Build configuration list for PBXProject "SamplerApp" */;
			compatibilityVersion = "Xcode 3.2";
			developmentRegion = English;
			hasScannedForEncodings = 0;
			knownRegions = (
				en,
				Base,
			);
			mainGroup = EDF9137F19F5A6DC0075993B;
			productRefGroup = EDF9138919F5A6DC0075993B /* Products */;
			projectDirPath = "";
			projectRoot = "";
			targets = (
				EDF9138719F5A6DC0075993B /* SamplerApp */,
				EDF913A019F5A6DC0075993B /* SamplerAppTests */,
			);
		};
/* End PBXProject section */

/* Begin PBXResourcesBuildPhase section */
		EDF9138619F5A6DC0075993B /* Resources */ = {
			isa = PBXResourcesBuildPhase;
			buildActionMask = 2147483647;
			files = (
				EDD35DD619F5D40C008DC1B2 /* fooddictionary.plist in Resources */,
				EDF913B519F5A9500075993B /* Main.storyboard in Resources */,
				EDF9139C19F5A6DC0075993B /* LaunchScreen.xib in Resources */,
			);
			runOnlyForDeploymentPostprocessing = 0;
		};
		EDF9139F19F5A6DC0075993B /* Resources */ = {
			isa = PBXResourcesBuildPhase;
			buildActionMask = 2147483647;
			files = (
				EDF913B619F5A9500075993B /* Main.storyboard in Resources */,
			);
			runOnlyForDeploymentPostprocessing = 0;
		};
/* End PBXResourcesBuildPhase section */

/* Begin PBXSourcesBuildPhase section */
		EDF9138419F5A6DC0075993B /* Sources */ = {
			isa = PBXSourcesBuildPhase;
			buildActionMask = 2147483647;
			files = (
				EDF9139119F5A6DC0075993B /* AppDelegate.m in Sources */,
				ED6163D119FEE26600A3CEE7 /* SegmentTabViewController.m in Sources */,
				ED61639C19FEC1DB00A3CEE7 /* WebTabViewController.m in Sources */,
				EDF9138E19F5A6DC0075993B /* main.m in Sources */,
				ED53498E19F71744001A4DEA /* FoodTabViewController.m in Sources */,
			);
			runOnlyForDeploymentPostprocessing = 0;
		};
		EDF9139D19F5A6DC0075993B /* Sources */ = {
			isa = PBXSourcesBuildPhase;
			buildActionMask = 2147483647;
			files = (
				EDF913A819F5A6DC0075993B /* SamplerAppTests.m in Sources */,
			);
			runOnlyForDeploymentPostprocessing = 0;
		};
/* End PBXSourcesBuildPhase section */

/* Begin PBXTargetDependency section */
		EDF913A319F5A6DC0075993B /* PBXTargetDependency */ = {
			isa = PBXTargetDependency;
			target = EDF9138719F5A6DC0075993B /* SamplerApp */;
			targetProxy = EDF913A219F5A6DC0075993B /* PBXContainerItemProxy */;
		};
/* End PBXTargetDependency section */

/* Begin PBXVariantGroup section */
		EDF9139A19F5A6DC0075993B /* LaunchScreen.xib */ = {
			isa = PBXVariantGroup;
			children = (
				EDF9139B19F5A6DC0075993B /* Base */,
			);
			name = LaunchScreen.xib;
			sourceTree = "<group>";
		};
/* End PBXVariantGroup section */

/* Begin XCBuildConfiguration section */
		EDF913A919F5A6DC0075993B /* Debug */ = {
			isa = XCBuildConfiguration;
			buildSettings = {
				ALWAYS_SEARCH_USER_PATHS = NO;
				CLANG_CXX_LANGUAGE_STANDARD = "gnu++0x";
				CLANG_CXX_LIBRARY = "libc++";
				CLANG_ENABLE_MODULES = YES;
				CLANG_ENABLE_OBJC_ARC = YES;
				CLANG_WARN_BOOL_CONVERSION = YES;
				CLANG_WARN_CONSTANT_CONVERSION = YES;
				CLANG_WARN_DIRECT_OBJC_ISA_USAGE = YES_ERROR;
				CLANG_WARN_EMPTY_BODY = YES;
				CLANG_WARN_ENUM_CONVERSION = YES;
				CLANG_WARN_INT_CONVERSION = YES;
				CLANG_WARN_OBJC_ROOT_CLASS = YES_ERROR;
				CLANG_WARN_UNREACHABLE_CODE = YES;
				CLANG_WARN__DUPLICATE_METHOD_MATCH = YES;
				"CODE_SIGN_IDENTITY[sdk=iphoneos*]" = "iPhone Developer";
				COPY_PHASE_STRIP = NO;
				ENABLE_STRICT_OBJC_MSGSEND = YES;
				GCC_C_LANGUAGE_STANDARD = gnu99;
				GCC_DYNAMIC_NO_PIC = NO;
				GCC_OPTIMIZATION_LEVEL = 0;
				GCC_PREPROCESSOR_DEFINITIONS = (
					"DEBUG=1",
					"$(inherited)",
				);
				GCC_SYMBOLS_PRIVATE_EXTERN = NO;
				GCC_WARN_64_TO_32_BIT_CONVERSION = YES;
				GCC_WARN_ABOUT_RETURN_TYPE = YES_ERROR;
				GCC_WARN_UNDECLARED_SELECTOR = YES;
				GCC_WARN_UNINITIALIZED_AUTOS = YES_AGGRESSIVE;
				GCC_WARN_UNUSED_FUNCTION = YES;
				GCC_WARN_UNUSED_VARIABLE = YES;
				IPHONEOS_DEPLOYMENT_TARGET = 8.0;
				MTL_ENABLE_DEBUG_INFO = YES;
				ONLY_ACTIVE_ARCH = YES;
				SDKROOT = iphoneos;
			};
			name = Debug;
		};
		EDF913AA19F5A6DC0075993B /* Release */ = {
			isa = XCBuildConfiguration;
			buildSettings = {
				ALWAYS_SEARCH_USER_PATHS = NO;
				CLANG_CXX_LANGUAGE_STANDARD = "gnu++0x";
				CLANG_CXX_LIBRARY = "libc++";
				CLANG_ENABLE_MODULES = YES;
				CLANG_ENABLE_OBJC_ARC = YES;
				CLANG_WARN_BOOL_CONVERSION = YES;
				CLANG_WARN_CONSTANT_CONVERSION = YES;
				CLANG_WARN_DIRECT_OBJC_ISA_USAGE = YES_ERROR;
				CLANG_WARN_EMPTY_BODY = YES;
				CLANG_WARN_ENUM_CONVERSION = YES;
				CLANG_WARN_INT_CONVERSION = YES;
				CLANG_WARN_OBJC_ROOT_CLASS = YES_ERROR;
				CLANG_WARN_UNREACHABLE_CODE = YES;
				CLANG_WARN__DUPLICATE_METHOD_MATCH = YES;
				"CODE_SIGN_IDENTITY[sdk=iphoneos*]" = "iPhone Developer";
				COPY_PHASE_STRIP = YES;
				ENABLE_NS_ASSERTIONS = NO;
				ENABLE_STRICT_OBJC_MSGSEND = YES;
				GCC_C_LANGUAGE_STANDARD = gnu99;
				GCC_WARN_64_TO_32_BIT_CONVERSION = YES;
				GCC_WARN_ABOUT_RETURN_TYPE = YES_ERROR;
				GCC_WARN_UNDECLARED_SELECTOR = YES;
				GCC_WARN_UNINITIALIZED_AUTOS = YES_AGGRESSIVE;
				GCC_WARN_UNUSED_FUNCTION = YES;
				GCC_WARN_UNUSED_VARIABLE = YES;
				IPHONEOS_DEPLOYMENT_TARGET = 8.0;
				MTL_ENABLE_DEBUG_INFO = NO;
				SDKROOT = iphoneos;
				VALIDATE_PRODUCT = YES;
			};
			name = Release;
		};
		EDF913AC19F5A6DC0075993B /* Debug */ = {
			isa = XCBuildConfiguration;
			buildSettings = {
				ASSETCATALOG_COMPILER_APPICON_NAME = AppIcon;
				INFOPLIST_FILE = SamplerApp/Info.plist;
				LD_RUNPATH_SEARCH_PATHS = "$(inherited) @executable_path/Frameworks";
				PRODUCT_NAME = "$(TARGET_NAME)";
			};
			name = Debug;
		};
		EDF913AD19F5A6DC0075993B /* Release */ = {
			isa = XCBuildConfiguration;
			buildSettings = {
				ASSETCATALOG_COMPILER_APPICON_NAME = AppIcon;
				INFOPLIST_FILE = SamplerApp/Info.plist;
				LD_RUNPATH_SEARCH_PATHS = "$(inherited) @executable_path/Frameworks";
				PRODUCT_NAME = "$(TARGET_NAME)";
			};
			name = Release;
		};
		EDF913AF19F5A6DC0075993B /* Debug */ = {
			isa = XCBuildConfiguration;
			buildSettings = {
				BUNDLE_LOADER = "$(TEST_HOST)";
				FRAMEWORK_SEARCH_PATHS = (
					"$(SDKROOT)/Developer/Library/Frameworks",
					"$(inherited)",
				);
				GCC_PREPROCESSOR_DEFINITIONS = (
					"DEBUG=1",
					"$(inherited)",
				);
				INFOPLIST_FILE = SamplerAppTests/Info.plist;
				LD_RUNPATH_SEARCH_PATHS = "$(inherited) @executable_path/Frameworks @loader_path/Frameworks";
				PRODUCT_NAME = "$(TARGET_NAME)";
				TEST_HOST = "$(BUILT_PRODUCTS_DIR)/SamplerApp.app/SamplerApp";
			};
			name = Debug;
		};
		EDF913B019F5A6DC0075993B /* Release */ = {
			isa = XCBuildConfiguration;
			buildSettings = {
				BUNDLE_LOADER = "$(TEST_HOST)";
				FRAMEWORK_SEARCH_PATHS = (
					"$(SDKROOT)/Developer/Library/Frameworks",
					"$(inherited)",
				);
				INFOPLIST_FILE = SamplerAppTests/Info.plist;
				LD_RUNPATH_SEARCH_PATHS = "$(inherited) @executable_path/Frameworks @loader_path/Frameworks";
				PRODUCT_NAME = "$(TARGET_NAME)";
				TEST_HOST = "$(BUILT_PRODUCTS_DIR)/SamplerApp.app/SamplerApp";
			};
			name = Release;
		};
/* End XCBuildConfiguration section */

/* Begin XCConfigurationList section */
		EDF9138319F5A6DC0075993B /* Build configuration list for PBXProject "SamplerApp" */ = {
			isa = XCConfigurationList;
			buildConfigurations = (
				EDF913A919F5A6DC0075993B /* Debug */,
				EDF913AA19F5A6DC0075993B /* Release */,
			);
			defaultConfigurationIsVisible = 0;
			defaultConfigurationName = Release;
		};
		EDF913AB19F5A6DC0075993B /* Build configuration list for PBXNativeTarget "SamplerApp" */ = {
			isa = XCConfigurationList;
			buildConfigurations = (
				EDF913AC19F5A6DC0075993B /* Debug */,
				EDF913AD19F5A6DC0075993B /* Release */,
			);
			defaultConfigurationIsVisible = 0;
			defaultConfigurationName = Release;
		};
		EDF913AE19F5A6DC0075993B /* Build configuration list for PBXNativeTarget "SamplerAppTests" */ = {
			isa = XCConfigurationList;
			buildConfigurations = (
				EDF913AF19F5A6DC0075993B /* Debug */,
				EDF913B019F5A6DC0075993B /* Release */,
			);
			defaultConfigurationIsVisible = 0;
			defaultConfigurationName = Release;
		};
/* End XCConfigurationList section */
	};
	rootObject = EDF9138019F5A6DC0075993B /* Project object */;
}
